// !$*UTF8*$!
{
	archiveVersion = 1;
	classes = {
	};
	objectVersion = 56;
	objects = {

/* Begin PBXBuildFile section */
		8E15C81A2B62584F001468C7 /* CatDictionaryApp.swift in Sources */ = {isa = PBXBuildFile; fileRef = 8E15C8192B62584F001468C7 /* CatDictionaryApp.swift */; };
		8E15C81C2B62584F001468C7 /* ContentView.swift in Sources */ = {isa = PBXBuildFile; fileRef = 8E15C81B2B62584F001468C7 /* ContentView.swift */; };
		8E15C81E2B625853001468C7 /* Assets.xcassets in Resources */ = {isa = PBXBuildFile; fileRef = 8E15C81D2B625853001468C7 /* Assets.xcassets */; };
		8E15C8212B625853001468C7 /* Preview Assets.xcassets in Resources */ = {isa = PBXBuildFile; fileRef = 8E15C8202B625853001468C7 /* Preview Assets.xcassets */; };
		8E15C82B2B625853001468C7 /* CatDictionaryTests.swift in Sources */ = {isa = PBXBuildFile; fileRef = 8E15C82A2B625853001468C7 /* CatDictionaryTests.swift */; };
		8E15C8352B625853001468C7 /* CatDictionaryUITests.swift in Sources */ = {isa = PBXBuildFile; fileRef = 8E15C8342B625853001468C7 /* CatDictionaryUITests.swift */; };
		8E15C8372B625853001468C7 /* CatDictionaryUITestsLaunchTests.swift in Sources */ = {isa = PBXBuildFile; fileRef = 8E15C8362B625853001468C7 /* CatDictionaryUITestsLaunchTests.swift */; };
		8E15C8472B6258D1001468C7 /* Breed.swift in Sources */ = {isa = PBXBuildFile; fileRef = 8E15C8462B6258D1001468C7 /* Breed.swift */; };
		8E15C8492B6258D7001468C7 /* BreedImage.swift in Sources */ = {isa = PBXBuildFile; fileRef = 8E15C8482B6258D7001468C7 /* BreedImage.swift */; };
		8E15C84B2B6258E6001468C7 /* BreedListView.swift in Sources */ = {isa = PBXBuildFile; fileRef = 8E15C84A2B6258E6001468C7 /* BreedListView.swift */; };
		8E15C84D2B6258EF001468C7 /* BreedRow.swift in Sources */ = {isa = PBXBuildFile; fileRef = 8E15C84C2B6258EF001468C7 /* BreedRow.swift */; };
		8E15C84F2B6258F8001468C7 /* BreedDetailView.swift in Sources */ = {isa = PBXBuildFile; fileRef = 8E15C84E2B6258F8001468C7 /* BreedDetailView.swift */; };
		8E15C8512B625900001468C7 /* ErrorView.swift in Sources */ = {isa = PBXBuildFile; fileRef = 8E15C8502B625900001468C7 /* ErrorView.swift */; };
		8E15C8532B62590A001468C7 /* LoadingView.swift in Sources */ = {isa = PBXBuildFile; fileRef = 8E15C8522B62590A001468C7 /* LoadingView.swift */; };
		8E15C8552B6259E8001468C7 /* BreedFetcher.swift in Sources */ = {isa = PBXBuildFile; fileRef = 8E15C8542B6259E8001468C7 /* BreedFetcher.swift */; };
		8E15C8572B6259F1001468C7 /* APIService.swift in Sources */ = {isa = PBXBuildFile; fileRef = 8E15C8562B6259F1001468C7 /* APIService.swift */; };
		8E15C8592B6259FB001468C7 /* APIServiceProtocol.swift in Sources */ = {isa = PBXBuildFile; fileRef = 8E15C8582B6259FB001468C7 /* APIServiceProtocol.swift */; };
		8E15C85B2B625A0B001468C7 /* APIMockService.swift in Sources */ = {isa = PBXBuildFile; fileRef = 8E15C85A2B625A0B001468C7 /* APIMockService.swift */; };
		8E15C85D2B625A13001468C7 /* APIError.swift in Sources */ = {isa = PBXBuildFile; fileRef = 8E15C85C2B625A13001468C7 /* APIError.swift */; };
/* End PBXBuildFile section */

/* Begin PBXContainerItemProxy section */
		8E15C8272B625853001468C7 /* PBXContainerItemProxy */ = {
			isa = PBXContainerItemProxy;
			containerPortal = 8E15C80E2B62584F001468C7 /* Project object */;
			proxyType = 1;
			remoteGlobalIDString = 8E15C8152B62584F001468C7;
			remoteInfo = CatDictionary;
		};
		8E15C8312B625853001468C7 /* PBXContainerItemProxy */ = {
			isa = PBXContainerItemProxy;
			containerPortal = 8E15C80E2B62584F001468C7 /* Project object */;
			proxyType = 1;
			remoteGlobalIDString = 8E15C8152B62584F001468C7;
			remoteInfo = CatDictionary;
		};
/* End PBXContainerItemProxy section */

/* Begin PBXFileReference section */
		8E15C8162B62584F001468C7 /* CatDictionary.app */ = {isa = PBXFileReference; explicitFileType = wrapper.application; includeInIndex = 0; path = CatDictionary.app; sourceTree = BUILT_PRODUCTS_DIR; };
		8E15C8192B62584F001468C7 /* CatDictionaryApp.swift */ = {isa = PBXFileReference; lastKnownFileType = sourcecode.swift; path = CatDictionaryApp.swift; sourceTree = "<group>"; };
		8E15C81B2B62584F001468C7 /* ContentView.swift */ = {isa = PBXFileReference; lastKnownFileType = sourcecode.swift; path = ContentView.swift; sourceTree = "<group>"; };
		8E15C81D2B625853001468C7 /* Assets.xcassets */ = {isa = PBXFileReference; lastKnownFileType = folder.assetcatalog; path = Assets.xcassets; sourceTree = "<group>"; };
		8E15C8202B625853001468C7 /* Preview Assets.xcassets */ = {isa = PBXFileReference; lastKnownFileType = folder.assetcatalog; path = "Preview Assets.xcassets"; sourceTree = "<group>"; };
		8E15C8262B625853001468C7 /* CatDictionaryTests.xctest */ = {isa = PBXFileReference; explicitFileType = wrapper.cfbundle; includeInIndex = 0; path = CatDictionaryTests.xctest; sourceTree = BUILT_PRODUCTS_DIR; };
		8E15C82A2B625853001468C7 /* CatDictionaryTests.swift */ = {isa = PBXFileReference; lastKnownFileType = sourcecode.swift; path = CatDictionaryTests.swift; sourceTree = "<group>"; };
		8E15C8302B625853001468C7 /* CatDictionaryUITests.xctest */ = {isa = PBXFileReference; explicitFileType = wrapper.cfbundle; includeInIndex = 0; path = CatDictionaryUITests.xctest; sourceTree = BUILT_PRODUCTS_DIR; };
		8E15C8342B625853001468C7 /* CatDictionaryUITests.swift */ = {isa = PBXFileReference; lastKnownFileType = sourcecode.swift; path = CatDictionaryUITests.swift; sourceTree = "<group>"; };
		8E15C8362B625853001468C7 /* CatDictionaryUITestsLaunchTests.swift */ = {isa = PBXFileReference; lastKnownFileType = sourcecode.swift; path = CatDictionaryUITestsLaunchTests.swift; sourceTree = "<group>"; };
		8E15C8462B6258D1001468C7 /* Breed.swift */ = {isa = PBXFileReference; lastKnownFileType = sourcecode.swift; path = Breed.swift; sourceTree = "<group>"; };
		8E15C8482B6258D7001468C7 /* BreedImage.swift */ = {isa = PBXFileReference; lastKnownFileType = sourcecode.swift; path = BreedImage.swift; sourceTree = "<group>"; };
		8E15C84A2B6258E6001468C7 /* BreedListView.swift */ = {isa = PBXFileReference; lastKnownFileType = sourcecode.swift; path = BreedListView.swift; sourceTree = "<group>"; };
		8E15C84C2B6258EF001468C7 /* BreedRow.swift */ = {isa = PBXFileReference; lastKnownFileType = sourcecode.swift; path = BreedRow.swift; sourceTree = "<group>"; };
		8E15C84E2B6258F8001468C7 /* BreedDetailView.swift */ = {isa = PBXFileReference; lastKnownFileType = sourcecode.swift; path = BreedDetailView.swift; sourceTree = "<group>"; };
		8E15C8502B625900001468C7 /* ErrorView.swift */ = {isa = PBXFileReference; lastKnownFileType = sourcecode.swift; path = ErrorView.swift; sourceTree = "<group>"; };
		8E15C8522B62590A001468C7 /* LoadingView.swift */ = {isa = PBXFileReference; lastKnownFileType = sourcecode.swift; path = LoadingView.swift; sourceTree = "<group>"; };
		8E15C8542B6259E8001468C7 /* BreedFetcher.swift */ = {isa = PBXFileReference; lastKnownFileType = sourcecode.swift; path = BreedFetcher.swift; sourceTree = "<group>"; };
		8E15C8562B6259F1001468C7 /* APIService.swift */ = {isa = PBXFileReference; lastKnownFileType = sourcecode.swift; path = APIService.swift; sourceTree = "<group>"; };
		8E15C8582B6259FB001468C7 /* APIServiceProtocol.swift */ = {isa = PBXFileReference; lastKnownFileType = sourcecode.swift; path = APIServiceProtocol.swift; sourceTree = "<group>"; };
		8E15C85A2B625A0B001468C7 /* APIMockService.swift */ = {isa = PBXFileReference; lastKnownFileType = sourcecode.swift; path = APIMockService.swift; sourceTree = "<group>"; };
		8E15C85C2B625A13001468C7 /* APIError.swift */ = {isa = PBXFileReference; lastKnownFileType = sourcecode.swift; path = APIError.swift; sourceTree = "<group>"; };
/* End PBXFileReference section */

/* Begin PBXFrameworksBuildPhase section */
		8E15C8132B62584F001468C7 /* Frameworks */ = {
			isa = PBXFrameworksBuildPhase;
			buildActionMask = 2147483647;
			files = (
			);
			runOnlyForDeploymentPostprocessing = 0;
		};
		8E15C8232B625853001468C7 /* Frameworks */ = {
			isa = PBXFrameworksBuildPhase;
			buildActionMask = 2147483647;
			files = (
			);
			runOnlyForDeploymentPostprocessing = 0;
		};
		8E15C82D2B625853001468C7 /* Frameworks */ = {
			isa = PBXFrameworksBuildPhase;
			buildActionMask = 2147483647;
			files = (
			);
			runOnlyForDeploymentPostprocessing = 0;
		};
/* End PBXFrameworksBuildPhase section */

/* Begin PBXGroup section */
		8E15C80D2B62584F001468C7 = {
			isa = PBXGroup;
			children = (
				8E15C8182B62584F001468C7 /* CatDictionary */,
				8E15C8292B625853001468C7 /* CatDictionaryTests */,
				8E15C8332B625853001468C7 /* CatDictionaryUITests */,
				8E15C8172B62584F001468C7 /* Products */,
			);
			sourceTree = "<group>";
		};
		8E15C8172B62584F001468C7 /* Products */ = {
			isa = PBXGroup;
			children = (
				8E15C8162B62584F001468C7 /* CatDictionary.app */,
				8E15C8262B625853001468C7 /* CatDictionaryTests.xctest */,
				8E15C8302B625853001468C7 /* CatDictionaryUITests.xctest */,
			);
			name = Products;
			sourceTree = "<group>";
		};
		8E15C8182B62584F001468C7 /* CatDictionary */ = {
			isa = PBXGroup;
			children = (
				8E15C8452B6258C4001468C7 /* model */,
				8E15C8442B6258B8001468C7 /* View+Pro */,
				8E15C8432B6258B3001468C7 /* netWork */,
				8E15C8192B62584F001468C7 /* CatDictionaryApp.swift */,
				8E15C81B2B62584F001468C7 /* ContentView.swift */,
				8E15C81D2B625853001468C7 /* Assets.xcassets */,
				8E15C81F2B625853001468C7 /* Preview Content */,
			);
			path = CatDictionary;
			sourceTree = "<group>";
		};
		8E15C81F2B625853001468C7 /* Preview Content */ = {
			isa = PBXGroup;
			children = (
				8E15C8202B625853001468C7 /* Preview Assets.xcassets */,
			);
			path = "Preview Content";
			sourceTree = "<group>";
		};
		8E15C8292B625853001468C7 /* CatDictionaryTests */ = {
			isa = PBXGroup;
			children = (
				8E15C82A2B625853001468C7 /* CatDictionaryTests.swift */,
			);
			path = CatDictionaryTests;
			sourceTree = "<group>";
		};
		8E15C8332B625853001468C7 /* CatDictionaryUITests */ = {
			isa = PBXGroup;
			children = (
				8E15C8342B625853001468C7 /* CatDictionaryUITests.swift */,
				8E15C8362B625853001468C7 /* CatDictionaryUITestsLaunchTests.swift */,
			);
			path = CatDictionaryUITests;
			sourceTree = "<group>";
		};
		8E15C8432B6258B3001468C7 /* netWork */ = {
			isa = PBXGroup;
			children = (
				8E15C8542B6259E8001468C7 /* BreedFetcher.swift */,
				8E15C8562B6259F1001468C7 /* APIService.swift */,
				8E15C8582B6259FB001468C7 /* APIServiceProtocol.swift */,
				8E15C85A2B625A0B001468C7 /* APIMockService.swift */,
				8E15C85C2B625A13001468C7 /* APIError.swift */,
			);
			path = netWork;
			sourceTree = "<group>";
		};
		8E15C8442B6258B8001468C7 /* View+Pro */ = {
			isa = PBXGroup;
			children = (
				8E15C84A2B6258E6001468C7 /* BreedListView.swift */,
				8E15C84C2B6258EF001468C7 /* BreedRow.swift */,
				8E15C84E2B6258F8001468C7 /* BreedDetailView.swift */,
				8E15C8502B625900001468C7 /* ErrorView.swift */,
				8E15C8522B62590A001468C7 /* LoadingView.swift */,
			);
			path = "View+Pro";
			sourceTree = "<group>";
		};
		8E15C8452B6258C4001468C7 /* model */ = {
			isa = PBXGroup;
			children = (
				8E15C8462B6258D1001468C7 /* Breed.swift */,
				8E15C8482B6258D7001468C7 /* BreedImage.swift */,
			);
			path = model;
			sourceTree = "<group>";
		};
/* End PBXGroup section */

/* Begin PBXNativeTarget section */
		8E15C8152B62584F001468C7 /* CatDictionary */ = {
			isa = PBXNativeTarget;
			buildConfigurationList = 8E15C83A2B625853001468C7 /* Build configuration list for PBXNativeTarget "CatDictionary" */;
			buildPhases = (
				8E15C8122B62584F001468C7 /* Sources */,
				8E15C8132B62584F001468C7 /* Frameworks */,
				8E15C8142B62584F001468C7 /* Resources */,
			);
			buildRules = (
			);
			dependencies = (
			);
			name = CatDictionary;
			productName = CatDictionary;
			productReference = 8E15C8162B62584F001468C7 /* CatDictionary.app */;
			productType = "com.apple.product-type.application";
		};
		8E15C8252B625853001468C7 /* CatDictionaryTests */ = {
			isa = PBXNativeTarget;
			buildConfigurationList = 8E15C83D2B625853001468C7 /* Build configuration list for PBXNativeTarget "CatDictionaryTests" */;
			buildPhases = (
				8E15C8222B625853001468C7 /* Sources */,
				8E15C8232B625853001468C7 /* Frameworks */,
				8E15C8242B625853001468C7 /* Resources */,
			);
			buildRules = (
			);
			dependencies = (
				8E15C8282B625853001468C7 /* PBXTargetDependency */,
			);
			name = CatDictionaryTests;
			productName = CatDictionaryTests;
			productReference = 8E15C8262B625853001468C7 /* CatDictionaryTests.xctest */;
			productType = "com.apple.product-type.bundle.unit-test";
		};
		8E15C82F2B625853001468C7 /* CatDictionaryUITests */ = {
			isa = PBXNativeTarget;
			buildConfigurationList = 8E15C8402B625853001468C7 /* Build configuration list for PBXNativeTarget "CatDictionaryUITests" */;
			buildPhases = (
				8E15C82C2B625853001468C7 /* Sources */,
				8E15C82D2B625853001468C7 /* Frameworks */,
				8E15C82E2B625853001468C7 /* Resources */,
			);
			buildRules = (
			);
			dependencies = (
				8E15C8322B625853001468C7 /* PBXTargetDependency */,
			);
			name = CatDictionaryUITests;
			productName = CatDictionaryUITests;
			productReference = 8E15C8302B625853001468C7 /* CatDictionaryUITests.xctest */;
			productType = "com.apple.product-type.bundle.ui-testing";
		};
/* End PBXNativeTarget section */

/* Begin PBXProject section */
		8E15C80E2B62584F001468C7 /* Project object */ = {
			isa = PBXProject;
			attributes = {
				BuildIndependentTargetsInParallel = 1;
				LastSwiftUpdateCheck = 1520;
				LastUpgradeCheck = 1520;
				TargetAttributes = {
					8E15C8152B62584F001468C7 = {
						CreatedOnToolsVersion = 15.2;
					};
					8E15C8252B625853001468C7 = {
						CreatedOnToolsVersion = 15.2;
						TestTargetID = 8E15C8152B62584F001468C7;
					};
					8E15C82F2B625853001468C7 = {
						CreatedOnToolsVersion = 15.2;
						TestTargetID = 8E15C8152B62584F001468C7;
					};
				};
			};
			buildConfigurationList = 8E15C8112B62584F001468C7 /* Build configuration list for PBXProject "CatDictionary" */;
			compatibilityVersion = "Xcode 14.0";
			developmentRegion = en;
			hasScannedForEncodings = 0;
			knownRegions = (
				en,
				Base,
			);
			mainGroup = 8E15C80D2B62584F001468C7;
			productRefGroup = 8E15C8172B62584F001468C7 /* Products */;
			projectDirPath = "";
			projectRoot = "";
			targets = (
				8E15C8152B62584F001468C7 /* CatDictionary */,
				8E15C8252B625853001468C7 /* CatDictionaryTests */,
				8E15C82F2B625853001468C7 /* CatDictionaryUITests */,
			);
		};
/* End PBXProject section */

/* Begin PBXResourcesBuildPhase section */
		8E15C8142B62584F001468C7 /* Resources */ = {
			isa = PBXResourcesBuildPhase;
			buildActionMask = 2147483647;
			files = (
				8E15C8212B625853001468C7 /* Preview Assets.xcassets in Resources */,
				8E15C81E2B625853001468C7 /* Assets.xcassets in Resources */,
			);
			runOnlyForDeploymentPostprocessing = 0;
		};
		8E15C8242B625853001468C7 /* Resources */ = {
			isa = PBXResourcesBuildPhase;
			buildActionMask = 2147483647;
			files = (
			);
			runOnlyForDeploymentPostprocessing = 0;
		};
		8E15C82E2B625853001468C7 /* Resources */ = {
			isa = PBXResourcesBuildPhase;
			buildActionMask = 2147483647;
			files = (
			);
			runOnlyForDeploymentPostprocessing = 0;
		};
/* End PBXResourcesBuildPhase section */

/* Begin PBXSourcesBuildPhase section */
		8E15C8122B62584F001468C7 /* Sources */ = {
			isa = PBXSourcesBuildPhase;
			buildActionMask = 2147483647;
			files = (
				8E15C8592B6259FB001468C7 /* APIServiceProtocol.swift in Sources */,
				8E15C8492B6258D7001468C7 /* BreedImage.swift in Sources */,
				8E15C8472B6258D1001468C7 /* Breed.swift in Sources */,
				8E15C81C2B62584F001468C7 /* ContentView.swift in Sources */,
				8E15C84F2B6258F8001468C7 /* BreedDetailView.swift in Sources */,
				8E15C8572B6259F1001468C7 /* APIService.swift in Sources */,
				8E15C84B2B6258E6001468C7 /* BreedListView.swift in Sources */,
				8E15C85B2B625A0B001468C7 /* APIMockService.swift in Sources */,
				8E15C81A2B62584F001468C7 /* CatDictionaryApp.swift in Sources */,
				8E15C84D2B6258EF001468C7 /* BreedRow.swift in Sources */,
				8E15C8512B625900001468C7 /* ErrorView.swift in Sources */,
				8E15C8552B6259E8001468C7 /* BreedFetcher.swift in Sources */,
				8E15C8532B62590A001468C7 /* LoadingView.swift in Sources */,
				8E15C85D2B625A13001468C7 /* APIError.swift in Sources */,
			);
			runOnlyForDeploymentPostprocessing = 0;
		};
		8E15C8222B625853001468C7 /* Sources */ = {
			isa = PBXSourcesBuildPhase;
			buildActionMask = 2147483647;
			files = (
				8E15C82B2B625853001468C7 /* CatDictionaryTests.swift in Sources */,
			);
			runOnlyForDeploymentPostprocessing = 0;
		};
		8E15C82C2B625853001468C7 /* Sources */ = {
			isa = PBXSourcesBuildPhase;
			buildActionMask = 2147483647;
			files = (
				8E15C8352B625853001468C7 /* CatDictionaryUITests.swift in Sources */,
				8E15C8372B625853001468C7 /* CatDictionaryUITestsLaunchTests.swift in Sources */,
			);
			runOnlyForDeploymentPostprocessing = 0;
		};
/* End PBXSourcesBuildPhase section */

/* Begin PBXTargetDependency section */
		8E15C8282B625853001468C7 /* PBXTargetDependency */ = {
			isa = PBXTargetDependency;
			target = 8E15C8152B62584F001468C7 /* CatDictionary */;
			targetProxy = 8E15C8272B625853001468C7 /* PBXContainerItemProxy */;
		};
		8E15C8322B625853001468C7 /* PBXTargetDependency */ = {
			isa = PBXTargetDependency;
			target = 8E15C8152B62584F001468C7 /* CatDictionary */;
			targetProxy = 8E15C8312B625853001468C7 /* PBXContainerItemProxy */;
		};
/* End PBXTargetDependency section */

/* Begin XCBuildConfiguration section */
		8E15C8382B625853001468C7 /* Debug */ = {
			isa = XCBuildConfiguration;
			buildSettings = {
				ALWAYS_SEARCH_USER_PATHS = NO;
				ASSETCATALOG_COMPILER_GENERATE_SWIFT_ASSET_SYMBOL_EXTENSIONS = YES;
				CLANG_ANALYZER_NONNULL = YES;
				CLANG_ANALYZER_NUMBER_OBJECT_CONVERSION = YES_AGGRESSIVE;
				CLANG_CXX_LANGUAGE_STANDARD = "gnu++20";
				CLANG_ENABLE_MODULES = YES;
				CLANG_ENABLE_OBJC_ARC = YES;
				CLANG_ENABLE_OBJC_WEAK = YES;
				CLANG_WARN_BLOCK_CAPTURE_AUTORELEASING = YES;
				CLANG_WARN_BOOL_CONVERSION = YES;
				CLANG_WARN_COMMA = YES;
				CLANG_WARN_CONSTANT_CONVERSION = YES;
				CLANG_WARN_DEPRECATED_OBJC_IMPLEMENTATIONS = YES;
				CLANG_WARN_DIRECT_OBJC_ISA_USAGE = YES_ERROR;
				CLANG_WARN_DOCUMENTATION_COMMENTS = YES;
				CLANG_WARN_EMPTY_BODY = YES;
				CLANG_WARN_ENUM_CONVERSION = YES;
				CLANG_WARN_INFINITE_RECURSION = YES;
				CLANG_WARN_INT_CONVERSION = YES;
				CLANG_WARN_NON_LITERAL_NULL_CONVERSION = YES;
				CLANG_WARN_OBJC_IMPLICIT_RETAIN_SELF = YES;
				CLANG_WARN_OBJC_LITERAL_CONVERSION = YES;
				CLANG_WARN_OBJC_ROOT_CLASS = YES_ERROR;
				CLANG_WARN_QUOTED_INCLUDE_IN_FRAMEWORK_HEADER = YES;
				CLANG_WARN_RANGE_LOOP_ANALYSIS = YES;
				CLANG_WARN_STRICT_PROTOTYPES = YES;
				CLANG_WARN_SUSPICIOUS_MOVE = YES;
				CLANG_WARN_UNGUARDED_AVAILABILITY = YES_AGGRESSIVE;
				CLANG_WARN_UNREACHABLE_CODE = YES;
				CLANG_WARN__DUPLICATE_METHOD_MATCH = YES;
				COPY_PHASE_STRIP = NO;
				DEBUG_INFORMATION_FORMAT = dwarf;
				ENABLE_STRICT_OBJC_MSGSEND = YES;
				ENABLE_TESTABILITY = YES;
				ENABLE_USER_SCRIPT_SANDBOXING = YES;
				GCC_C_LANGUAGE_STANDARD = gnu17;
				GCC_DYNAMIC_NO_PIC = NO;
				GCC_NO_COMMON_BLOCKS = YES;
				GCC_OPTIMIZATION_LEVEL = 0;
				GCC_PREPROCESSOR_DEFINITIONS = (
					"DEBUG=1",
					"$(inherited)",
				);
				GCC_WARN_64_TO_32_BIT_CONVERSION = YES;
				GCC_WARN_ABOUT_RETURN_TYPE = YES_ERROR;
				GCC_WARN_UNDECLARED_SELECTOR = YES;
				GCC_WARN_UNINITIALIZED_AUTOS = YES_AGGRESSIVE;
				GCC_WARN_UNUSED_FUNCTION = YES;
				GCC_WARN_UNUSED_VARIABLE = YES;
				IPHONEOS_DEPLOYMENT_TARGET = 17.2;
				LOCALIZATION_PREFERS_STRING_CATALOGS = YES;
				MTL_ENABLE_DEBUG_INFO = INCLUDE_SOURCE;
				MTL_FAST_MATH = YES;
				ONLY_ACTIVE_ARCH = YES;
				SDKROOT = iphoneos;
				SWIFT_ACTIVE_COMPILATION_CONDITIONS = "DEBUG $(inherited)";
				SWIFT_OPTIMIZATION_LEVEL = "-Onone";
			};
			name = Debug;
		};
		8E15C8392B625853001468C7 /* Release */ = {
			isa = XCBuildConfiguration;
			buildSettings = {
				ALWAYS_SEARCH_USER_PATHS = NO;
				ASSETCATALOG_COMPILER_GENERATE_SWIFT_ASSET_SYMBOL_EXTENSIONS = YES;
				CLANG_ANALYZER_NONNULL = YES;
				CLANG_ANALYZER_NUMBER_OBJECT_CONVERSION = YES_AGGRESSIVE;
				CLANG_CXX_LANGUAGE_STANDARD = "gnu++20";
				CLANG_ENABLE_MODULES = YES;
				CLANG_ENABLE_OBJC_ARC = YES;
				CLANG_ENABLE_OBJC_WEAK = YES;
				CLANG_WARN_BLOCK_CAPTURE_AUTORELEASING = YES;
				CLANG_WARN_BOOL_CONVERSION = YES;
				CLANG_WARN_COMMA = YES;
				CLANG_WARN_CONSTANT_CONVERSION = YES;
				CLANG_WARN_DEPRECATED_OBJC_IMPLEMENTATIONS = YES;
				CLANG_WARN_DIRECT_OBJC_ISA_USAGE = YES_ERROR;
				CLANG_WARN_DOCUMENTATION_COMMENTS = YES;
				CLANG_WARN_EMPTY_BODY = YES;
				CLANG_WARN_ENUM_CONVERSION = YES;
				CLANG_WARN_INFINITE_RECURSION = YES;
				CLANG_WARN_INT_CONVERSION = YES;
				CLANG_WARN_NON_LITERAL_NULL_CONVERSION = YES;
				CLANG_WARN_OBJC_IMPLICIT_RETAIN_SELF = YES;
				CLANG_WARN_OBJC_LITERAL_CONVERSION = YES;
				CLANG_WARN_OBJC_ROOT_CLASS = YES_ERROR;
				CLANG_WARN_QUOTED_INCLUDE_IN_FRAMEWORK_HEADER = YES;
				CLANG_WARN_RANGE_LOOP_ANALYSIS = YES;
				CLANG_WARN_STRICT_PROTOTYPES = YES;
				CLANG_WARN_SUSPICIOUS_MOVE = YES;
				CLANG_WARN_UNGUARDED_AVAILABILITY = YES_AGGRESSIVE;
				CLANG_WARN_UNREACHABLE_CODE = YES;
				CLANG_WARN__DUPLICATE_METHOD_MATCH = YES;
				COPY_PHASE_STRIP = NO;
				DEBUG_INFORMATION_FORMAT = "dwarf-with-dsym";
				ENABLE_NS_ASSERTIONS = NO;
				ENABLE_STRICT_OBJC_MSGSEND = YES;
				ENABLE_USER_SCRIPT_SANDBOXING = YES;
				GCC_C_LANGUAGE_STANDARD = gnu17;
				GCC_NO_COMMON_BLOCKS = YES;
				GCC_WARN_64_TO_32_BIT_CONVERSION = YES;
				GCC_WARN_ABOUT_RETURN_TYPE = YES_ERROR;
				GCC_WARN_UNDECLARED_SELECTOR = YES;
				GCC_WARN_UNINITIALIZED_AUTOS = YES_AGGRESSIVE;
				GCC_WARN_UNUSED_FUNCTION = YES;
				GCC_WARN_UNUSED_VARIABLE = YES;
				IPHONEOS_DEPLOYMENT_TARGET = 17.2;
				LOCALIZATION_PREFERS_STRING_CATALOGS = YES;
				MTL_ENABLE_DEBUG_INFO = NO;
				MTL_FAST_MATH = YES;
				SDKROOT = iphoneos;
				SWIFT_COMPILATION_MODE = wholemodule;
				VALIDATE_PRODUCT = YES;
			};
			name = Release;
		};
		8E15C83B2B625853001468C7 /* Debug */ = {
			isa = XCBuildConfiguration;
			buildSettings = {
				ASSETCATALOG_COMPILER_APPICON_NAME = AppIcon;
				ASSETCATALOG_COMPILER_GLOBAL_ACCENT_COLOR_NAME = AccentColor;
				CODE_SIGN_STYLE = Automatic;
				CURRENT_PROJECT_VERSION = 1;
				DEVELOPMENT_ASSET_PATHS = "\"CatDictionary/Preview Content\"";
				DEVELOPMENT_TEAM = 9GGZWXBXQ6;
				ENABLE_PREVIEWS = YES;
				GENERATE_INFOPLIST_FILE = YES;
				INFOPLIST_KEY_UIApplicationSceneManifest_Generation = YES;
				INFOPLIST_KEY_UIApplicationSupportsIndirectInputEvents = YES;
				INFOPLIST_KEY_UILaunchScreen_Generation = YES;
				INFOPLIST_KEY_UISupportedInterfaceOrientations_iPad = "UIInterfaceOrientationPortrait UIInterfaceOrientationPortraitUpsideDown UIInterfaceOrientationLandscapeLeft UIInterfaceOrientationLandscapeRight";
				INFOPLIST_KEY_UISupportedInterfaceOrientations_iPhone = "UIInterfaceOrientationPortrait UIInterfaceOrientationLandscapeLeft UIInterfaceOrientationLandscapeRight";
				LD_RUNPATH_SEARCH_PATHS = (
					"$(inherited)",
					"@executable_path/Frameworks",
				);
				MARKETING_VERSION = 1.0;
				PRODUCT_BUNDLE_IDENTIFIER = YangCustom.CatDictionary;
				PRODUCT_NAME = "$(TARGET_NAME)";
				SWIFT_EMIT_LOC_STRINGS = YES;
				SWIFT_VERSION = 5.0;
				TARGETED_DEVICE_FAMILY = "1,2";
			};
			name = Debug;
		};
		8E15C83C2B625853001468C7 /* Release */ = {
			isa = XCBuildConfiguration;
			buildSettings = {
				ASSETCATALOG_COMPILER_APPICON_NAME = AppIcon;
				ASSETCATALOG_COMPILER_GLOBAL_ACCENT_COLOR_NAME = AccentColor;
				CODE_SIGN_STYLE = Automatic;
				CURRENT_PROJECT_VERSION = 1;
				DEVELOPMENT_ASSET_PATHS = "\"CatDictionary/Preview Content\"";
				DEVELOPMENT_TEAM = 9GGZWXBXQ6;
				ENABLE_PREVIEWS = YES;
				GENERATE_INFOPLIST_FILE = YES;
				INFOPLIST_KEY_UIApplicationSceneManifest_Generation = YES;
				INFOPLIST_KEY_UIApplicationSupportsIndirectInputEvents = YES;
				INFOPLIST_KEY_UILaunchScreen_Generation = YES;
				INFOPLIST_KEY_UISupportedInterfaceOrientations_iPad = "UIInterfaceOrientationPortrait UIInterfaceOrientationPortraitUpsideDown UIInterfaceOrientationLandscapeLeft UIInterfaceOrientationLandscapeRight";
				INFOPLIST_KEY_UISupportedInterfaceOrientations_iPhone = "UIInterfaceOrientationPortrait UIInterfaceOrientationLandscapeLeft UIInterfaceOrientationLandscapeRight";
				LD_RUNPATH_SEARCH_PATHS = (
					"$(inherited)",
					"@executable_path/Frameworks",
				);
				MARKETING_VERSION = 1.0;
				PRODUCT_BUNDLE_IDENTIFIER = YangCustom.CatDictionary;
				PRODUCT_NAME = "$(TARGET_NAME)";
				SWIFT_EMIT_LOC_STRINGS = YES;
				SWIFT_VERSION = 5.0;
				TARGETED_DEVICE_FAMILY = "1,2";
			};
			name = Release;
		};
		8E15C83E2B625853001468C7 /* Debug */ = {
			isa = XCBuildConfiguration;
			buildSettings = {
				ALWAYS_EMBED_SWIFT_STANDARD_LIBRARIES = YES;
				BUNDLE_LOADER = "$(TEST_HOST)";
				CODE_SIGN_STYLE = Automatic;
				CURRENT_PROJECT_VERSION = 1;
				DEVELOPMENT_TEAM = 9GGZWXBXQ6;
				GENERATE_INFOPLIST_FILE = YES;
				IPHONEOS_DEPLOYMENT_TARGET = 17.2;
				MARKETING_VERSION = 1.0;
				PRODUCT_BUNDLE_IDENTIFIER = YangCustom.CatDictionaryTests;
				PRODUCT_NAME = "$(TARGET_NAME)";
				SWIFT_EMIT_LOC_STRINGS = NO;
				SWIFT_VERSION = 5.0;
				TARGETED_DEVICE_FAMILY = "1,2";
				TEST_HOST = "$(BUILT_PRODUCTS_DIR)/CatDictionary.app/$(BUNDLE_EXECUTABLE_FOLDER_PATH)/CatDictionary";
			};
			name = Debug;
		};
		8E15C83F2B625853001468C7 /* Release */ = {
			isa = XCBuildConfiguration;
			buildSettings = {
				ALWAYS_EMBED_SWIFT_STANDARD_LIBRARIES = YES;
				BUNDLE_LOADER = "$(TEST_HOST)";
				CODE_SIGN_STYLE = Automatic;
				CURRENT_PROJECT_VERSION = 1;
				DEVELOPMENT_TEAM = 9GGZWXBXQ6;
				GENERATE_INFOPLIST_FILE = YES;
				IPHONEOS_DEPLOYMENT_TARGET = 17.2;
				MARKETING_VERSION = 1.0;
				PRODUCT_BUNDLE_IDENTIFIER = YangCustom.CatDictionaryTests;
				PRODUCT_NAME = "$(TARGET_NAME)";
				SWIFT_EMIT_LOC_STRINGS = NO;
				SWIFT_VERSION = 5.0;
				TARGETED_DEVICE_FAMILY = "1,2";
				TEST_HOST = "$(BUILT_PRODUCTS_DIR)/CatDictionary.app/$(BUNDLE_EXECUTABLE_FOLDER_PATH)/CatDictionary";
			};
			name = Release;
		};
		8E15C8412B625853001468C7 /* Debug */ = {
			isa = XCBuildConfiguration;
			buildSettings = {
				ALWAYS_EMBED_SWIFT_STANDARD_LIBRARIES = YES;
				CODE_SIGN_STYLE = Automatic;
				CURRENT_PROJECT_VERSION = 1;
				DEVELOPMENT_TEAM = 9GGZWXBXQ6;
				GENERATE_INFOPLIST_FILE = YES;
				MARKETING_VERSION = 1.0;
				PRODUCT_BUNDLE_IDENTIFIER = YangCustom.CatDictionaryUITests;
				PRODUCT_NAME = "$(TARGET_NAME)";
				SWIFT_EMIT_LOC_STRINGS = NO;
				SWIFT_VERSION = 5.0;
				TARGETED_DEVICE_FAMILY = "1,2";
				TEST_TARGET_NAME = CatDictionary;
			};
			name = Debug;
		};
		8E15C8422B625853001468C7 /* Release */ = {
			isa = XCBuildConfiguration;
			buildSettings = {
				ALWAYS_EMBED_SWIFT_STANDARD_LIBRARIES = YES;
				CODE_SIGN_STYLE = Automatic;
				CURRENT_PROJECT_VERSION = 1;
				DEVELOPMENT_TEAM = 9GGZWXBXQ6;
				GENERATE_INFOPLIST_FILE = YES;
				MARKETING_VERSION = 1.0;
				PRODUCT_BUNDLE_IDENTIFIER = YangCustom.CatDictionaryUITests;
				PRODUCT_NAME = "$(TARGET_NAME)";
				SWIFT_EMIT_LOC_STRINGS = NO;
				SWIFT_VERSION = 5.0;
				TARGETED_DEVICE_FAMILY = "1,2";
				TEST_TARGET_NAME = CatDictionary;
			};
			name = Release;
		};
/* End XCBuildConfiguration section */

/* Begin XCConfigurationList section */
		8E15C8112B62584F001468C7 /* Build configuration list for PBXProject "CatDictionary" */ = {
			isa = XCConfigurationList;
			buildConfigurations = (
				8E15C8382B625853001468C7 /* Debug */,
				8E15C8392B625853001468C7 /* Release */,
			);
			defaultConfigurationIsVisible = 0;
			defaultConfigurationName = Release;
		};
		8E15C83A2B625853001468C7 /* Build configuration list for PBXNativeTarget "CatDictionary" */ = {
			isa = XCConfigurationList;
			buildConfigurations = (
				8E15C83B2B625853001468C7 /* Debug */,
				8E15C83C2B625853001468C7 /* Release */,
			);
			defaultConfigurationIsVisible = 0;
			defaultConfigurationName = Release;
		};
		8E15C83D2B625853001468C7 /* Build configuration list for PBXNativeTarget "CatDictionaryTests" */ = {
			isa = XCConfigurationList;
			buildConfigurations = (
				8E15C83E2B625853001468C7 /* Debug */,
				8E15C83F2B625853001468C7 /* Release */,
			);
			defaultConfigurationIsVisible = 0;
			defaultConfigurationName = Release;
		};
		8E15C8402B625853001468C7 /* Build configuration list for PBXNativeTarget "CatDictionaryUITests" */ = {
			isa = XCConfigurationList;
			buildConfigurations = (
				8E15C8412B625853001468C7 /* Debug */,
				8E15C8422B625853001468C7 /* Release */,
			);
			defaultConfigurationIsVisible = 0;
			defaultConfigurationName = Release;
		};
/* End XCConfigurationList section */
	};
	rootObject = 8E15C80E2B62584F001468C7 /* Project object */;
}
